
Microsoft Visual Studio Solution File, Format Version 12.00
# Visual Studio Version 17
VisualStudioVersion = 17.14.36603.0 d17.14
MinimumVisualStudioVersion = 10.0.40219.1
Project("{FAE04EC0-301F-11D3-BF4B-00C04F79EFBC}") = "EventReservationsApp.Test", "EventReservationsApp.Test.csproj", "{E46A4348-A24B-42F4-8FCC-3675D1DD75F0}"
EndProject
Global
	GlobalSection(SolutionConfigurationPlatforms) = preSolution
		Debug|Any CPU = Debug|Any CPU
		Release|Any CPU = Release|Any CPU
	EndGlobalSection
	GlobalSection(ProjectConfigurationPlatforms) = postSolution
		{E46A4348-A24B-42F4-8FCC-3675D1DD75F0}.Debug|Any CPU.ActiveCfg = Debug|Any CPU
		{E46A4348-A24B-42F4-8FCC-3675D1DD75F0}.Debug|Any CPU.Build.0 = Debug|Any CPU
		{E46A4348-A24B-42F4-8FCC-3675D1DD75F0}.Release|Any CPU.ActiveCfg = Release|Any CPU
		{E46A4348-A24B-42F4-8FCC-3675D1DD75F0}.Release|Any CPU.Build.0 = Release|Any CPU
	EndGlobalSection
	GlobalSection(SolutionProperties) = preSolution
		HideSolutionNode = FALSE
	EndGlobalSection
	GlobalSection(ExtensibilityGlobals) = postSolution
		SolutionGuid = {6FCF5FCD-FE05-4B0D-83AD-CCF98C207208}
	EndGlobalSection
EndGlobal
